
Microsoft Visual Studio Solution File, Format Version 11.00
# Visual Studio 2010
Project("{FAE04EC0-301F-11D3-BF4B-00C04F79EFBC}") = "FileTypeDetective", "FileTypeDetective.csproj", "{FD96C801-9362-452C-B8F7-1DE786906F41}"
EndProject
Project("{FAE04EC0-301F-11D3-BF4B-00C04F79EFBC}") = "Tests", "Tests\Tests.csproj", "{6C9BED02-1FE7-4AD7-BD3A-29BA6DAA3582}"
EndProject
Global
	GlobalSection(SolutionConfigurationPlatforms) = preSolution
		Debug|Any CPU = Debug|Any CPU
		Release|Any CPU = Release|Any CPU
	EndGlobalSection
	GlobalSection(ProjectConfigurationPlatforms) = postSolution
		{FD96C801-9362-452C-B8F7-1DE786906F41}.Debug|Any CPU.ActiveCfg = Debug|Any CPU
		{FD96C801-9362-452C-B8F7-1DE786906F41}.Debug|Any CPU.Build.0 = Debug|Any CPU
		{FD96C801-9362-452C-B8F7-1DE786906F41}.Release|Any CPU.ActiveCfg = Release|Any CPU
		{FD96C801-9362-452C-B8F7-1DE786906F41}.Release|Any CPU.Build.0 = Release|Any CPU
		{6C9BED02-1FE7-4AD7-BD3A-29BA6DAA3582}.Debug|Any CPU.ActiveCfg = Debug|Any CPU
		{6C9BED02-1FE7-4AD7-BD3A-29BA6DAA3582}.Debug|Any CPU.Build.0 = Debug|Any CPU
		{6C9BED02-1FE7-4AD7-BD3A-29BA6DAA3582}.Release|Any CPU.ActiveCfg = Release|Any CPU
		{6C9BED02-1FE7-4AD7-BD3A-29BA6DAA3582}.Release|Any CPU.Build.0 = Release|Any CPU
	EndGlobalSection
	GlobalSection(SolutionProperties) = preSolution
		HideSolutionNode = FALSE
	EndGlobalSection
EndGlobal
